
Microsoft Visual Studio Solution File, Format Version 12.00
# Visual Studio Version 16
VisualStudioVersion = 16.0.30413.136
MinimumVisualStudioVersion = 10.0.40219.1
Project("{FAE04EC0-301F-11D3-BF4B-00C04F79EFBC}") = "ConsoleGameNET20", "ConsoleGameNET20\ConsoleGameNET20.csproj", "{89B34C28-A542-4315-8D57-391400009D20}"
EndProject
Global
	GlobalSection(SolutionConfigurationPlatforms) = preSolution
		Debug|Any CPU = Debug|Any CPU
		Release|Any CPU = Release|Any CPU
	EndGlobalSection
	GlobalSection(ProjectConfigurationPlatforms) = postSolution
		{89B34C28-A542-4315-8D57-391400009D20}.Debug|Any CPU.ActiveCfg = Debug|Any CPU
		{89B34C28-A542-4315-8D57-391400009D20}.Debug|Any CPU.Build.0 = Debug|Any CPU
		{89B34C28-A542-4315-8D57-391400009D20}.Release|Any CPU.ActiveCfg = Release|Any CPU
		{89B34C28-A542-4315-8D57-391400009D20}.Release|Any CPU.Build.0 = Release|Any CPU
	EndGlobalSection
	GlobalSection(SolutionProperties) = preSolution
		HideSolutionNode = FALSE
	EndGlobalSection
	GlobalSection(ExtensibilityGlobals) = postSolution
		SolutionGuid = {FD7042B2-7A32-4A20-9B52-78D21A3B04CF}
	EndGlobalSection
EndGlobal
